
Microsoft Visual Studio Solution File, Format Version 12.00
# Visual Studio Version 17
VisualStudioVersion = 17.0.31903.59
MinimumVisualStudioVersion = 10.0.40219.1
Project("{FAE04EC0-301F-11D3-BF4B-00C04F79EFBC}") = "DAL", "DAL\DAL.csproj", "{9CD4C641-CAAE-4AA8-B037-55442AC73C60}"
EndProject
Project("{FAE04EC0-301F-11D3-BF4B-00C04F79EFBC}") = "BOL", "BOL\BOL.csproj", "{04EA1226-A5D6-42D2-ACDC-9525CEC6C228}"
EndProject
Project("{FAE04EC0-301F-11D3-BF4B-00C04F79EFBC}") = "Ecommerce", "Ecommerce\Ecommerce.csproj", "{6160D18F-965A-4029-AC30-E821FCA67CDF}"
EndProject
Global
	GlobalSection(SolutionConfigurationPlatforms) = preSolution
		Debug|Any CPU = Debug|Any CPU
		Release|Any CPU = Release|Any CPU
	EndGlobalSection
	GlobalSection(SolutionProperties) = preSolution
		HideSolutionNode = FALSE
	EndGlobalSection
	GlobalSection(ProjectConfigurationPlatforms) = postSolution
		{9CD4C641-CAAE-4AA8-B037-55442AC73C60}.Debug|Any CPU.ActiveCfg = Debug|Any CPU
		{9CD4C641-CAAE-4AA8-B037-55442AC73C60}.Debug|Any CPU.Build.0 = Debug|Any CPU
		{9CD4C641-CAAE-4AA8-B037-55442AC73C60}.Release|Any CPU.ActiveCfg = Release|Any CPU
		{9CD4C641-CAAE-4AA8-B037-55442AC73C60}.Release|Any CPU.Build.0 = Release|Any CPU
		{04EA1226-A5D6-42D2-ACDC-9525CEC6C228}.Debug|Any CPU.ActiveCfg = Debug|Any CPU
		{04EA1226-A5D6-42D2-ACDC-9525CEC6C228}.Debug|Any CPU.Build.0 = Debug|Any CPU
		{04EA1226-A5D6-42D2-ACDC-9525CEC6C228}.Release|Any CPU.ActiveCfg = Release|Any CPU
		{04EA1226-A5D6-42D2-ACDC-9525CEC6C228}.Release|Any CPU.Build.0 = Release|Any CPU
		{6160D18F-965A-4029-AC30-E821FCA67CDF}.Debug|Any CPU.ActiveCfg = Debug|Any CPU
		{6160D18F-965A-4029-AC30-E821FCA67CDF}.Debug|Any CPU.Build.0 = Debug|Any CPU
		{6160D18F-965A-4029-AC30-E821FCA67CDF}.Release|Any CPU.ActiveCfg = Release|Any CPU
		{6160D18F-965A-4029-AC30-E821FCA67CDF}.Release|Any CPU.Build.0 = Release|Any CPU
	EndGlobalSection
EndGlobal
